
Microsoft Visual Studio Solution File, Format Version 12.00
# Visual Studio Version 17
VisualStudioVersion = 17.14.36414.22 d17.14
MinimumVisualStudioVersion = 10.0.40219.1
Project("{FAE04EC0-301F-11D3-BF4B-00C04F79EFBC}") = "ClientMobileApp", "ClientMobileApp.csproj", "{67699739-4295-4989-BB37-4EC1947B93E2}"
EndProject
Global
	GlobalSection(SolutionConfigurationPlatforms) = preSolution
		Debug|Any CPU = Debug|Any CPU
		Release|Any CPU = Release|Any CPU
	EndGlobalSection
	GlobalSection(ProjectConfigurationPlatforms) = postSolution
		{67699739-4295-4989-BB37-4EC1947B93E2}.Debug|Any CPU.ActiveCfg = Debug|Any CPU
		{67699739-4295-4989-BB37-4EC1947B93E2}.Debug|Any CPU.Build.0 = Debug|Any CPU
		{67699739-4295-4989-BB37-4EC1947B93E2}.Debug|Any CPU.Deploy.0 = Debug|Any CPU
		{67699739-4295-4989-BB37-4EC1947B93E2}.Release|Any CPU.ActiveCfg = Release|Any CPU
		{67699739-4295-4989-BB37-4EC1947B93E2}.Release|Any CPU.Build.0 = Release|Any CPU
		{67699739-4295-4989-BB37-4EC1947B93E2}.Release|Any CPU.Deploy.0 = Release|Any CPU
	EndGlobalSection
	GlobalSection(SolutionProperties) = preSolution
		HideSolutionNode = FALSE
	EndGlobalSection
	GlobalSection(ExtensibilityGlobals) = postSolution
		SolutionGuid = {A3AE346E-FFA6-4959-AD39-0C62F3A49E23}
	EndGlobalSection
EndGlobal
